{
	"name": "@form-create/iview4",
	"version": "1.0.19",
	"lockfileVersion": 1,
	"requires": true,
	"dependencies": {
		"async-validator": {
			"version": "3.4.0",
			"resolved": "https://registry.npmjs.org/async-validator/-/async-validator-3.4.0.tgz",
			"integrity": "sha512-VrFk4eYiJAWKskEz115iiuCf9O0ftnMMPXrOFMqyzGH2KxO7YwncKyn/FgOOP+0MDHMfXL7gLExagCutaZGigA=="
		},
		"batch-processor": {
			"version": "1.0.0",
			"resolved": "https://registry.npmjs.org/batch-processor/-/batch-processor-1.0.0.tgz",
			"integrity": "sha1-dclcMrdI4IUNEMKxaPa9vpiRrOg="
		},
		"deepmerge": {
			"version": "2.2.1",
			"resolved": "https://registry.npmjs.org/deepmerge/-/deepmerge-2.2.1.tgz",
			"integrity": "sha512-R9hc1Xa/NOBi9WRVUWg19rl1UB7Tt4kuPd+thNJgFZoxXsTz7ncaPaeIm+40oSGuP33DfMb4sZt1QIGiJzC4EA=="
		},
		"element-resize-detector": {
			"version": "1.2.1",
			"resolved": "https://registry.npmjs.org/element-resize-detector/-/element-resize-detector-1.2.1.tgz",
			"integrity": "sha512-BdFsPepnQr9fznNPF9nF4vQ457U/ZJXQDSNF1zBe7yaga8v9AdZf3/NElYxFdUh7SitSGt040QygiTo6dtatIw==",
			"requires": {
				"batch-processor": "1.0.0"
			}
		},
		"js-calendar": {
			"version": "1.2.3",
			"resolved": "https://registry.npmjs.org/js-calendar/-/js-calendar-1.2.3.tgz",
			"integrity": "sha512-dAA1/Zbp4+c5E+ARCVTIuKepXsNLzSYfzvOimiYD4S5eeP9QuplSHLcdhfqFSwyM1o1u6ku6RRRCyaZ0YAjiBw=="
		},
		"lodash.throttle": {
			"version": "4.1.1",
			"resolved": "https://registry.npmjs.org/lodash.throttle/-/lodash.throttle-4.1.1.tgz",
			"integrity": "sha1-wj6RtxAkKscMN/HhzaknTMOb8vQ="
		},
		"popper.js": {
			"version": "1.16.1",
			"resolved": "https://registry.npmjs.org/popper.js/-/popper.js-1.16.1.tgz",
			"integrity": "sha512-Wb4p1J4zyFTbM+u6WuO4XstYx4Ky9Cewe4DWrel7B0w6VVICvPwdOpotjzcf6eD8TsckVnIMNONQyPIUFOUbCQ=="
		},
		"tinycolor2": {
			"version": "1.4.1",
			"resolved": "https://registry.npmjs.org/tinycolor2/-/tinycolor2-1.4.1.tgz",
			"integrity": "sha1-9PrTM0R7wLB9TcjpIJ2POaisd+g="
		},
		"v-click-outside-x": {
			"version": "3.7.1",
			"resolved": "https://registry.npmjs.org/v-click-outside-x/-/v-click-outside-x-3.7.1.tgz",
			"integrity": "sha512-WmUgmcIXr9clVpm1AYS/FgHtcDicfnfoxgQCNg4O6vfk9GVnxA0vSqO321ogUo0b7czYTidj7fQENvWFMWOkUg=="
		},
		"view-design": {
			"version": "4.3.2",
			"resolved": "https://registry.npmjs.org/view-design/-/view-design-4.3.2.tgz",
			"integrity": "sha512-58GH2fu5TVtUeeXWWu0VQXqgV01fGKHXhViw4p80OM/+SzhCJS2qzZYYpVyXaGKQM1OfeJHZrVFA/xLfpXK+0w==",
			"requires": {
				"async-validator": "^3.3.0",
				"deepmerge": "^2.2.1",
				"element-resize-detector": "^1.2.0",
				"js-calendar": "^1.2.3",
				"lodash.throttle": "^4.1.1",
				"popper.js": "^1.14.6",
				"tinycolor2": "^1.4.1",
				"v-click-outside-x": "^3.7.1"
			}
		}
	}
}
