{
	"name": "@form-create/element-ui",
	"version": "1.0.5",
	"lockfileVersion": 1,
	"requires": true,
	"dependencies": {
		"@form-create/core": {
			"version": "0.0.3",
			"resolved": "https://registry.npmjs.org/@form-create/core/-/core-0.0.3.tgz",
			"integrity": "sha512-yEg3oXTGnMJYxNESvk8Btyg/9xWxU/1Qe8HqX4e6qNd/XMbrgMJ9Y8aa+C3dJTZO1ODNw21536xRJYw44nfXvA==",
			"requires": {
				"@form-create/utils": "^0.0.2",
				"vue": "^2.6.10"
			}
		},
		"@form-create/utils": {
			"version": "0.0.2",
			"resolved": "https://registry.npmjs.org/@form-create/utils/-/utils-0.0.2.tgz",
			"integrity": "sha512-PM5spcYScoRG7glPNh684VEi07U6aSt1U/zMYAIAh56WswAgBmMEhMkahNjQYVA+UKATxOsHQzReHiHUmfN4vA==",
			"requires": {
				"vue": "^2.5.2"
			}
		},
		"async-validator": {
			"version": "1.8.5",
			"resolved": "https://registry.npmjs.org/async-validator/-/async-validator-1.8.5.tgz",
			"integrity": "sha512-tXBM+1m056MAX0E8TL2iCjg8WvSyXu0Zc8LNtYqrVeyoL3+esHRZ4SieE9fKQyyU09uONjnMEjrNBMqT0mbvmA==",
			"requires": {
				"babel-runtime": "6.x"
			}
		},
		"babel-helper-vue-jsx-merge-props": {
			"version": "2.0.3",
			"resolved": "https://registry.npmjs.org/babel-helper-vue-jsx-merge-props/-/babel-helper-vue-jsx-merge-props-2.0.3.tgz",
			"integrity": "sha512-gsLiKK7Qrb7zYJNgiXKpXblxbV5ffSwR0f5whkPAaBAR4fhi6bwRZxX9wBlIc5M/v8CCkXUbXZL4N/nSE97cqg=="
		},
		"babel-runtime": {
			"version": "6.26.0",
			"resolved": "https://registry.npmjs.org/babel-runtime/-/babel-runtime-6.26.0.tgz",
			"integrity": "sha1-llxwWGaOgrVde/4E/yM3vItWR/4=",
			"requires": {
				"core-js": "^2.4.0",
				"regenerator-runtime": "^0.11.0"
			}
		},
		"core-js": {
			"version": "2.6.5",
			"resolved": "https://registry.npmjs.org/core-js/-/core-js-2.6.5.tgz",
			"integrity": "sha512-klh/kDpwX8hryYL14M9w/xei6vrv6sE8gTHDG7/T/+SEovB/G4ejwcfE/CBzO6Edsu+OETZMZ3wcX/EjUkrl5A=="
		},
		"deepmerge": {
			"version": "1.5.2",
			"resolved": "https://registry.npmjs.org/deepmerge/-/deepmerge-1.5.2.tgz",
			"integrity": "sha512-95k0GDqvBjZavkuvzx/YqVLv/6YYa17fz6ILMSf7neqQITCPbnfEnQvEgMPNjH4kgobe7+WIL0yJEHku+H3qtQ=="
		},
		"element-ui": {
			"version": "2.8.2",
			"resolved": "https://registry.npmjs.org/element-ui/-/element-ui-2.8.2.tgz",
			"integrity": "sha512-LABKHKGUyewFNvpf9BQLecB659Wq0XYvyP1tBveZ4RWpdlPSylDfGW/RLvDYU7zuCBoRasdZAz7ryjOwq1lLNg==",
			"requires": {
				"async-validator": "~1.8.1",
				"babel-helper-vue-jsx-merge-props": "^2.0.0",
				"deepmerge": "^1.2.0",
				"normalize-wheel": "^1.0.1",
				"resize-observer-polyfill": "^1.5.0",
				"throttle-debounce": "^1.0.1"
			}
		},
		"normalize-wheel": {
			"version": "1.0.1",
			"resolved": "https://registry.npmjs.org/normalize-wheel/-/normalize-wheel-1.0.1.tgz",
			"integrity": "sha1-rsiGr/2wRQcNhWRH32Ls+GFG7EU="
		},
		"regenerator-runtime": {
			"version": "0.11.1",
			"resolved": "https://registry.npmjs.org/regenerator-runtime/-/regenerator-runtime-0.11.1.tgz",
			"integrity": "sha512-MguG95oij0fC3QV3URf4V2SDYGJhJnJGqvIIgdECeODCT98wSWDAJ94SSuVpYQUoTcGUIL6L4yNB7j1DFFHSBg=="
		},
		"resize-observer-polyfill": {
			"version": "1.5.1",
			"resolved": "https://registry.npmjs.org/resize-observer-polyfill/-/resize-observer-polyfill-1.5.1.tgz",
			"integrity": "sha512-LwZrotdHOo12nQuZlHEmtuXdqGoOD0OhaxopaNFxWzInpEgaLWoVuAMbTzixuosCx2nEG58ngzW3vxdWoxIgdg=="
		},
		"throttle-debounce": {
			"version": "1.1.0",
			"resolved": "https://registry.npmjs.org/throttle-debounce/-/throttle-debounce-1.1.0.tgz",
			"integrity": "sha512-XH8UiPCQcWNuk2LYePibW/4qL97+ZQ1AN3FNXwZRBNPPowo/NRU5fAlDCSNBJIYCKbioZfuYtMhG4quqoJhVzg=="
		},
		"vue": {
			"version": "2.6.10",
			"resolved": "https://registry.npmjs.org/vue/-/vue-2.6.10.tgz",
			"integrity": "sha512-ImThpeNU9HbdZL3utgMCq0oiMzAkt1mcgy3/E6zWC/G6AaQoeuFdsl9nDhTDU3X1R6FK7nsIUuRACVcjI+A2GQ=="
		}
	}
}
