{
	"name": "@form-create/iview",
	"version": "1.0.5",
	"lockfileVersion": 1,
	"requires": true,
	"dependencies": {
		"@form-create/core": {
			"version": "0.0.3",
			"resolved": "https://registry.npmjs.org/@form-create/core/-/core-0.0.3.tgz",
			"integrity": "sha512-yEg3oXTGnMJYxNESvk8Btyg/9xWxU/1Qe8HqX4e6qNd/XMbrgMJ9Y8aa+C3dJTZO1ODNw21536xRJYw44nfXvA==",
			"requires": {
				"@form-create/utils": "^0.0.2",
				"vue": "^2.6.10"
			}
		},
		"@form-create/utils": {
			"version": "0.0.2",
			"resolved": "https://registry.npmjs.org/@form-create/utils/-/utils-0.0.2.tgz",
			"integrity": "sha512-PM5spcYScoRG7glPNh684VEi07U6aSt1U/zMYAIAh56WswAgBmMEhMkahNjQYVA+UKATxOsHQzReHiHUmfN4vA==",
			"requires": {
				"vue": "^2.5.2"
			}
		},
		"async-validator": {
			"version": "1.11.2",
			"resolved": "https://registry.npmjs.org/async-validator/-/async-validator-1.11.2.tgz",
			"integrity": "sha512-KVbL4jU6ZRJA82D69oOCoyKqr99emuKNvG0axH3XpGZh0xy1wDHpdH4cGzvwJ9nXAM0j7k/waBId16CQVI8dlw==",
			"requires": {
				"babel-runtime": "6.x"
			}
		},
		"babel-runtime": {
			"version": "6.26.0",
			"resolved": "https://registry.npmjs.org/babel-runtime/-/babel-runtime-6.26.0.tgz",
			"integrity": "sha1-llxwWGaOgrVde/4E/yM3vItWR/4=",
			"requires": {
				"core-js": "^2.4.0",
				"regenerator-runtime": "^0.11.0"
			}
		},
		"batch-processor": {
			"version": "1.0.0",
			"resolved": "https://registry.npmjs.org/batch-processor/-/batch-processor-1.0.0.tgz",
			"integrity": "sha1-dclcMrdI4IUNEMKxaPa9vpiRrOg="
		},
		"core-js": {
			"version": "2.6.8",
			"resolved": "https://registry.npmjs.org/core-js/-/core-js-2.6.8.tgz",
			"integrity": "sha512-RWlREFU74TEkdXzyl1bka66O3kYp8jeTXrvJZDzVVMH8AiHUSOFpL1yfhQJ+wHocAm1m+4971W1PPzfLuCv1vg=="
		},
		"deepmerge": {
			"version": "2.2.1",
			"resolved": "https://registry.npmjs.org/deepmerge/-/deepmerge-2.2.1.tgz",
			"integrity": "sha512-R9hc1Xa/NOBi9WRVUWg19rl1UB7Tt4kuPd+thNJgFZoxXsTz7ncaPaeIm+40oSGuP33DfMb4sZt1QIGiJzC4EA=="
		},
		"element-resize-detector": {
			"version": "1.2.0",
			"resolved": "https://registry.npmjs.org/element-resize-detector/-/element-resize-detector-1.2.0.tgz",
			"integrity": "sha512-UmhNB8sIJVZeg56gEjgmMd6p37sCg8j8trVW0LZM7Wzv+kxQ5CnRHcgRKBTB/kFUSn3e7UP59kl2V2U8Du1hmg==",
			"requires": {
				"batch-processor": "1.0.0"
			}
		},
		"iview": {
			"version": "3.3.3",
			"resolved": "https://registry.npmjs.org/iview/-/iview-3.3.3.tgz",
			"integrity": "sha512-5wsM6KRzhGpkHtU71fD82A7QzBrlEWN9R6JoJ7wmpWzvN0vwLM8blN2+EbS/j7v8jhyZLd64SRvQjBoQFwK09A==",
			"requires": {
				"async-validator": "^1.10.0",
				"deepmerge": "^2.2.1",
				"element-resize-detector": "^1.2.0",
				"js-calendar": "^1.2.3",
				"lodash.throttle": "^4.1.1",
				"popper.js": "^1.14.6",
				"tinycolor2": "^1.4.1",
				"v-click-outside-x": "^3.5.6"
			}
		},
		"js-calendar": {
			"version": "1.2.3",
			"resolved": "https://registry.npmjs.org/js-calendar/-/js-calendar-1.2.3.tgz",
			"integrity": "sha512-dAA1/Zbp4+c5E+ARCVTIuKepXsNLzSYfzvOimiYD4S5eeP9QuplSHLcdhfqFSwyM1o1u6ku6RRRCyaZ0YAjiBw=="
		},
		"lodash.throttle": {
			"version": "4.1.1",
			"resolved": "https://registry.npmjs.org/lodash.throttle/-/lodash.throttle-4.1.1.tgz",
			"integrity": "sha1-wj6RtxAkKscMN/HhzaknTMOb8vQ="
		},
		"popper.js": {
			"version": "1.15.0",
			"resolved": "https://registry.npmjs.org/popper.js/-/popper.js-1.15.0.tgz",
			"integrity": "sha512-w010cY1oCUmI+9KwwlWki+r5jxKfTFDVoadl7MSrIujHU5MJ5OR6HTDj6Xo8aoR/QsA56x8jKjA59qGH4ELtrA=="
		},
		"regenerator-runtime": {
			"version": "0.11.1",
			"resolved": "https://registry.npmjs.org/regenerator-runtime/-/regenerator-runtime-0.11.1.tgz",
			"integrity": "sha512-MguG95oij0fC3QV3URf4V2SDYGJhJnJGqvIIgdECeODCT98wSWDAJ94SSuVpYQUoTcGUIL6L4yNB7j1DFFHSBg=="
		},
		"tinycolor2": {
			"version": "1.4.1",
			"resolved": "https://registry.npmjs.org/tinycolor2/-/tinycolor2-1.4.1.tgz",
			"integrity": "sha1-9PrTM0R7wLB9TcjpIJ2POaisd+g="
		},
		"v-click-outside-x": {
			"version": "3.7.1",
			"resolved": "https://registry.npmjs.org/v-click-outside-x/-/v-click-outside-x-3.7.1.tgz",
			"integrity": "sha512-WmUgmcIXr9clVpm1AYS/FgHtcDicfnfoxgQCNg4O6vfk9GVnxA0vSqO321ogUo0b7czYTidj7fQENvWFMWOkUg=="
		},
		"vue": {
			"version": "2.6.10",
			"resolved": "https://registry.npmjs.org/vue/-/vue-2.6.10.tgz",
			"integrity": "sha512-ImThpeNU9HbdZL3utgMCq0oiMzAkt1mcgy3/E6zWC/G6AaQoeuFdsl9nDhTDU3X1R6FK7nsIUuRACVcjI+A2GQ=="
		}
	}
}
