{
	"name": "@form-create/core",
	"version": "3.1.30",
	"lockfileVersion": 1,
	"requires": true,
	"dependencies": {
		"mitt": {
			"version": "2.1.0",
			"resolved": "https://registry.npmjs.org/mitt/-/mitt-2.1.0.tgz",
			"integrity": "sha512-ILj2TpLiysu2wkBbWjAmww7TkZb65aiQO+DkVdUTBpBXq+MHYiETENkKFMtsJZX1Lf4pe4QOrTSjIfUwN5lRdg=="
		}
	}
}
