{
	"name": "@form-create/core",
	"version": "1.0.5",
	"lockfileVersion": 1,
	"requires": true,
	"dependencies": {
		"@form-create/utils": {
			"version": "0.0.2",
			"resolved": "https://registry.npmjs.org/@form-create/utils/-/utils-0.0.2.tgz",
			"integrity": "sha512-PM5spcYScoRG7glPNh684VEi07U6aSt1U/zMYAIAh56WswAgBmMEhMkahNjQYVA+UKATxOsHQzReHiHUmfN4vA==",
			"requires": {
				"vue": "^2.5.2"
			}
		},
		"vue": {
			"version": "2.6.10",
			"resolved": "https://registry.npmjs.org/vue/-/vue-2.6.10.tgz",
			"integrity": "sha512-ImThpeNU9HbdZL3utgMCq0oiMzAkt1mcgy3/E6zWC/G6AaQoeuFdsl9nDhTDU3X1R6FK7nsIUuRACVcjI+A2GQ=="
		}
	}
}
