{
	"name": "@form-create/component-wangeditor",
	"version": "2.5.15",
	"lockfileVersion": 1,
	"requires": true,
	"dependencies": {
		"@babel/runtime": {
			"version": "7.13.10",
			"resolved": "https://registry.npmjs.org/@babel/runtime/-/runtime-7.13.10.tgz",
			"integrity": "sha512-4QPkjJq6Ns3V/RgpEahRk+AGfL0eO6RHHtTWoNNr5mO49G6B5+X6d6THgWEAvTrznU5xYpbAlVKRYcsCgh/Akw==",
			"requires": {
				"regenerator-runtime": "^0.13.4"
			}
		},
		"@babel/runtime-corejs3": {
			"version": "7.13.10",
			"resolved": "https://registry.npmjs.org/@babel/runtime-corejs3/-/runtime-corejs3-7.13.10.tgz",
			"integrity": "sha512-x/XYVQ1h684pp1mJwOV4CyvqZXqbc8CMsMGUnAbuc82ZCdv1U63w5RSUzgDSXQHG5Rps/kiksH6g2D5BuaKyXg==",
			"requires": {
				"core-js-pure": "^3.0.0",
				"regenerator-runtime": "^0.13.4"
			}
		},
		"core-js-pure": {
			"version": "3.9.1",
			"resolved": "https://registry.npmjs.org/core-js-pure/-/core-js-pure-3.9.1.tgz",
			"integrity": "sha512-laz3Zx0avrw9a4QEIdmIblnVuJz8W51leY9iLThatCsFawWxC3sE4guASC78JbCin+DkwMpCdp1AVAuzL/GN7A=="
		},
		"regenerator-runtime": {
			"version": "0.13.7",
			"resolved": "https://registry.npmjs.org/regenerator-runtime/-/regenerator-runtime-0.13.7.tgz",
			"integrity": "sha512-a54FxoJDIr27pgf7IgeQGxmqUNYrcV338lf/6gH456HZ/PhX+5BcwHXG9ajESmwe6WRO0tAzRUrRmNONWgkrew=="
		},
		"tslib": {
			"version": "2.1.0",
			"resolved": "https://registry.npmjs.org/tslib/-/tslib-2.1.0.tgz",
			"integrity": "sha512-hcVC3wYEziELGGmEEXue7D75zbwIIVUMWAVbHItGPx0ziyXxrOMQx4rQEVEV45Ut/1IotuEvwqPopzIOkDMf0A=="
		},
		"wangeditor": {
			"version": "4.6.12",
			"resolved": "https://registry.npmjs.org/wangeditor/-/wangeditor-4.6.12.tgz",
			"integrity": "sha512-8fvNLexkgn1Nnj//z0tRkhXIDiYNLuHC6DkdIJ9zt/0Y/0o/6ZWTSnIQiI/Megb3v2QVcn91f7xU/5LulzHyCw==",
			"requires": {
				"@babel/runtime": "^7.11.2",
				"@babel/runtime-corejs3": "^7.11.2",
				"tslib": "^2.1.0"
			}
		}
	}
}
