{
	"name": "@form-create/ant-design-vue",
	"version": "1.0.10",
	"lockfileVersion": 1,
	"requires": true,
	"dependencies": {
		"@ant-design/colors": {
			"version": "3.2.2",
			"resolved": "https://registry.npmjs.org/@ant-design/colors/-/colors-3.2.2.tgz",
			"integrity": "sha512-YKgNbG2dlzqMhA9NtI3/pbY16m3Yl/EeWBRa+lB1X1YaYxHrxNexiQYCLTWO/uDvAjLFMEDU+zR901waBtMtjQ==",
			"requires": {
				"tinycolor2": "^1.4.1"
			}
		},
		"@ant-design/icons": {
			"version": "2.1.1",
			"resolved": "https://registry.npmjs.org/@ant-design/icons/-/icons-2.1.1.tgz",
			"integrity": "sha512-jCH+k2Vjlno4YWl6g535nHR09PwCEmTBKAG6VqF+rhkrSPRLfgpU2maagwbZPLjaHuU5Jd1DFQ2KJpQuI6uG8w=="
		},
		"@ant-design/icons-vue": {
			"version": "2.0.0",
			"resolved": "https://registry.npmjs.org/@ant-design/icons-vue/-/icons-vue-2.0.0.tgz",
			"integrity": "sha512-2c0QQE5hL4N48k5NkPG5sdpMl9YnvyNhf0U7YkdZYDlLnspoRU7vIA0UK9eHBs6OpFLcJB6o8eJrIl2ajBskPg==",
			"requires": {
				"@ant-design/colors": "^3.1.0",
				"babel-runtime": "^6.26.0"
			}
		},
		"add-dom-event-listener": {
			"version": "1.1.0",
			"resolved": "https://registry.npmjs.org/add-dom-event-listener/-/add-dom-event-listener-1.1.0.tgz",
			"integrity": "sha512-WCxx1ixHT0GQU9hb0KI/mhgRQhnU+U3GvwY6ZvVjYq8rsihIGoaIOUbY0yMPBxLH5MDtr0kz3fisWGNcbWW7Jw==",
			"requires": {
				"object-assign": "4.x"
			}
		},
		"ant-design-vue": {
			"version": "1.5.3",
			"resolved": "https://registry.npmjs.org/ant-design-vue/-/ant-design-vue-1.5.3.tgz",
			"integrity": "sha512-wphTfLb5AzdUVSxgYr19BH9cPegZvaHBHayrIp8JVTYCnCpzu8R9Qzvdobflq7XkU1W/W8uep8uIElG5bdHa1Q==",
			"requires": {
				"@ant-design/icons": "^2.1.1",
				"@ant-design/icons-vue": "^2.0.0",
				"add-dom-event-listener": "^1.0.2",
				"array-tree-filter": "^2.1.0",
				"async-validator": "^3.0.3",
				"babel-helper-vue-jsx-merge-props": "^2.0.3",
				"babel-runtime": "6.x",
				"classnames": "^2.2.5",
				"component-classes": "^1.2.6",
				"dom-align": "^1.10.4",
				"dom-closest": "^0.2.0",
				"dom-scroll-into-view": "^2.0.0",
				"enquire.js": "^2.1.6",
				"intersperse": "^1.0.0",
				"is-mobile": "^2.2.1",
				"is-negative-zero": "^2.0.0",
				"ismobilejs": "^1.0.0",
				"json2mq": "^0.2.0",
				"lodash": "^4.17.5",
				"moment": "^2.21.0",
				"mutationobserver-shim": "^0.3.2",
				"node-emoji": "^1.10.0",
				"omit.js": "^1.0.0",
				"raf": "^3.4.0",
				"resize-observer-polyfill": "^1.5.1",
				"shallow-equal": "^1.0.0",
				"shallowequal": "^1.0.2",
				"vue-ref": "^2.0.0",
				"warning": "^4.0.0"
			}
		},
		"array-tree-filter": {
			"version": "2.1.0",
			"resolved": "https://registry.npmjs.org/array-tree-filter/-/array-tree-filter-2.1.0.tgz",
			"integrity": "sha512-4ROwICNlNw/Hqa9v+rk5h22KjmzB1JGTMVKP2AKJBOCgb0yL0ASf0+YvCcLNNwquOHNX48jkeZIJ3a+oOQqKcw=="
		},
		"async-validator": {
			"version": "3.2.4",
			"resolved": "https://registry.npmjs.org/async-validator/-/async-validator-3.2.4.tgz",
			"integrity": "sha512-mTgzMJixkrh+5t2gbYoua8MLy11GHkQqFE6tbhY5Aqc4jEDGsR4BWP+sVQiYDHtzTMB8WIwI/ypObTVPcTZInw=="
		},
		"babel-helper-vue-jsx-merge-props": {
			"version": "2.0.3",
			"resolved": "https://registry.npmjs.org/babel-helper-vue-jsx-merge-props/-/babel-helper-vue-jsx-merge-props-2.0.3.tgz",
			"integrity": "sha512-gsLiKK7Qrb7zYJNgiXKpXblxbV5ffSwR0f5whkPAaBAR4fhi6bwRZxX9wBlIc5M/v8CCkXUbXZL4N/nSE97cqg=="
		},
		"babel-runtime": {
			"version": "6.26.0",
			"resolved": "https://registry.npmjs.org/babel-runtime/-/babel-runtime-6.26.0.tgz",
			"integrity": "sha1-llxwWGaOgrVde/4E/yM3vItWR/4=",
			"requires": {
				"core-js": "^2.4.0",
				"regenerator-runtime": "^0.11.0"
			}
		},
		"classnames": {
			"version": "2.2.6",
			"resolved": "https://registry.npmjs.org/classnames/-/classnames-2.2.6.tgz",
			"integrity": "sha512-JR/iSQOSt+LQIWwrwEzJ9uk0xfN3mTVYMwt1Ir5mUcSN6pU+V4zQFFaJsclJbPuAUQH+yfWef6tm7l1quW3C8Q=="
		},
		"component-classes": {
			"version": "1.2.6",
			"resolved": "https://registry.npmjs.org/component-classes/-/component-classes-1.2.6.tgz",
			"integrity": "sha1-xkI5TDYYpNiwuJGe/Mu9kw5c1pE=",
			"requires": {
				"component-indexof": "0.0.3"
			}
		},
		"component-indexof": {
			"version": "0.0.3",
			"resolved": "https://registry.npmjs.org/component-indexof/-/component-indexof-0.0.3.tgz",
			"integrity": "sha1-EdCRMSI5648yyPJa6csAL/6NPCQ="
		},
		"core-js": {
			"version": "2.6.11",
			"resolved": "https://registry.npmjs.org/core-js/-/core-js-2.6.11.tgz",
			"integrity": "sha512-5wjnpaT/3dV+XB4borEsnAYQchn00XSgTAWKDkEqv+K8KevjbzmofK6hfJ9TZIlpj2N0xQpazy7PiRQiWHqzWg=="
		},
		"dom-align": {
			"version": "1.11.1",
			"resolved": "https://registry.npmjs.org/dom-align/-/dom-align-1.11.1.tgz",
			"integrity": "sha512-hN42DmUgtweBx0iBjDLO4WtKOMcK8yBmPx/fgdsgQadLuzPu/8co3oLdK5yMmeM/vnUd3yDyV6qV8/NzxBexQg=="
		},
		"dom-closest": {
			"version": "0.2.0",
			"resolved": "https://registry.npmjs.org/dom-closest/-/dom-closest-0.2.0.tgz",
			"integrity": "sha1-69n5HRvyLo1vR3h2u80+yQIWwM8=",
			"requires": {
				"dom-matches": ">=1.0.1"
			}
		},
		"dom-matches": {
			"version": "2.0.0",
			"resolved": "https://registry.npmjs.org/dom-matches/-/dom-matches-2.0.0.tgz",
			"integrity": "sha1-0nKLQWqHUzmA6wibhI0lPPI6dYw="
		},
		"dom-scroll-into-view": {
			"version": "2.0.1",
			"resolved": "https://registry.npmjs.org/dom-scroll-into-view/-/dom-scroll-into-view-2.0.1.tgz",
			"integrity": "sha512-bvVTQe1lfaUr1oFzZX80ce9KLDlZ3iU+XGNE/bz9HnGdklTieqsbmsLHe+rT2XWqopvL0PckkYqN7ksmm5pe3w=="
		},
		"enquire.js": {
			"version": "2.1.6",
			"resolved": "https://registry.npmjs.org/enquire.js/-/enquire.js-2.1.6.tgz",
			"integrity": "sha1-PoeAybi4NQhMP2DhZtvDwqPImBQ="
		},
		"intersperse": {
			"version": "1.0.0",
			"resolved": "https://registry.npmjs.org/intersperse/-/intersperse-1.0.0.tgz",
			"integrity": "sha1-8lYfsc/vn1J3zDNHoiiGtDUaUYE="
		},
		"is-mobile": {
			"version": "2.2.1",
			"resolved": "https://registry.npmjs.org/is-mobile/-/is-mobile-2.2.1.tgz",
			"integrity": "sha512-6zELsfVFr326eq2CI53yvqq6YBanOxKBybwDT+MbMS2laBnK6Ez8m5XHSuTQQbnKRfpDzCod1CMWW5q3wZYMvA=="
		},
		"is-negative-zero": {
			"version": "2.0.0",
			"resolved": "https://registry.npmjs.org/is-negative-zero/-/is-negative-zero-2.0.0.tgz",
			"integrity": "sha1-lVOxIbD6wohp2p7UWeIMdUN4hGE="
		},
		"ismobilejs": {
			"version": "1.1.1",
			"resolved": "https://registry.npmjs.org/ismobilejs/-/ismobilejs-1.1.1.tgz",
			"integrity": "sha512-VaFW53yt8QO61k2WJui0dHf4SlL8lxBofUuUmwBo0ljPk0Drz2TiuDW4jo3wDcv41qy/SxrJ+VAzJ/qYqsmzRw=="
		},
		"js-tokens": {
			"version": "4.0.0",
			"resolved": "https://registry.npmjs.org/js-tokens/-/js-tokens-4.0.0.tgz",
			"integrity": "sha512-RdJUflcE3cUzKiMqQgsCu06FPu9UdIJO0beYbPhHN4k6apgJtifcoCtT9bcxOpYBtpD2kCM6Sbzg4CausW/PKQ=="
		},
		"json2mq": {
			"version": "0.2.0",
			"resolved": "https://registry.npmjs.org/json2mq/-/json2mq-0.2.0.tgz",
			"integrity": "sha1-tje9O6nqvhIsg+lyBIOusQ0skEo=",
			"requires": {
				"string-convert": "^0.2.0"
			}
		},
		"lodash": {
			"version": "4.17.15",
			"resolved": "https://registry.npmjs.org/lodash/-/lodash-4.17.15.tgz",
			"integrity": "sha512-8xOcRHvCjnocdS5cpwXQXVzmmh5e5+saE2QGoeQmbKmRS6J3VQppPOIt0MnmE+4xlZoumy0GPG0D0MVIQbNA1A=="
		},
		"lodash.toarray": {
			"version": "4.4.0",
			"resolved": "https://registry.npmjs.org/lodash.toarray/-/lodash.toarray-4.4.0.tgz",
			"integrity": "sha1-JMS/zWsvuji/0FlNsRedjptlZWE="
		},
		"loose-envify": {
			"version": "1.4.0",
			"resolved": "https://registry.npmjs.org/loose-envify/-/loose-envify-1.4.0.tgz",
			"integrity": "sha512-lyuxPGr/Wfhrlem2CL/UcnUc1zcqKAImBDzukY7Y5F/yQiNdko6+fRLevlw1HgMySw7f611UIY408EtxRSoK3Q==",
			"requires": {
				"js-tokens": "^3.0.0 || ^4.0.0"
			}
		},
		"moment": {
			"version": "2.24.0",
			"resolved": "https://registry.npmjs.org/moment/-/moment-2.24.0.tgz",
			"integrity": "sha512-bV7f+6l2QigeBBZSM/6yTNq4P2fNpSWj/0e7jQcy87A8e7o2nAfP/34/2ky5Vw4B9S446EtIhodAzkFCcR4dQg=="
		},
		"mutationobserver-shim": {
			"version": "0.3.5",
			"resolved": "https://registry.npmjs.org/mutationobserver-shim/-/mutationobserver-shim-0.3.5.tgz",
			"integrity": "sha512-YAMuSp4Oi19SYQF04dGnRajyFp4Wyam+jKKWzm5roPcNh1Rip8dnHPxls5F/xBgY0H2gV+3IzWuIvYQPDAvmBQ=="
		},
		"node-emoji": {
			"version": "1.10.0",
			"resolved": "https://registry.npmjs.org/node-emoji/-/node-emoji-1.10.0.tgz",
			"integrity": "sha512-Yt3384If5H6BYGVHiHwTL+99OzJKHhgp82S8/dktEK73T26BazdgZ4JZh92xSVtGNJvz9UbXdNAc5hcrXV42vw==",
			"requires": {
				"lodash.toarray": "^4.4.0"
			}
		},
		"object-assign": {
			"version": "4.1.1",
			"resolved": "https://registry.npmjs.org/object-assign/-/object-assign-4.1.1.tgz",
			"integrity": "sha1-IQmtx5ZYh8/AXLvUQsrIv7s2CGM="
		},
		"omit.js": {
			"version": "1.0.2",
			"resolved": "https://registry.npmjs.org/omit.js/-/omit.js-1.0.2.tgz",
			"integrity": "sha512-/QPc6G2NS+8d4L/cQhbk6Yit1WTB6Us2g84A7A/1+w9d/eRGHyEqC5kkQtHVoHZ5NFWGG7tUGgrhVZwgZanKrQ==",
			"requires": {
				"babel-runtime": "^6.23.0"
			}
		},
		"performance-now": {
			"version": "2.1.0",
			"resolved": "https://registry.npmjs.org/performance-now/-/performance-now-2.1.0.tgz",
			"integrity": "sha1-Ywn04OX6kT7BxpMHrjZLSzd8nns="
		},
		"raf": {
			"version": "3.4.1",
			"resolved": "https://registry.npmjs.org/raf/-/raf-3.4.1.tgz",
			"integrity": "sha512-Sq4CW4QhwOHE8ucn6J34MqtZCeWFP2aQSmrlroYgqAV1PjStIhJXxYuTgUIfkEk7zTLjmIjLmU5q+fbD1NnOJA==",
			"requires": {
				"performance-now": "^2.1.0"
			}
		},
		"regenerator-runtime": {
			"version": "0.11.1",
			"resolved": "https://registry.npmjs.org/regenerator-runtime/-/regenerator-runtime-0.11.1.tgz",
			"integrity": "sha512-MguG95oij0fC3QV3URf4V2SDYGJhJnJGqvIIgdECeODCT98wSWDAJ94SSuVpYQUoTcGUIL6L4yNB7j1DFFHSBg=="
		},
		"resize-observer-polyfill": {
			"version": "1.5.1",
			"resolved": "https://registry.npmjs.org/resize-observer-polyfill/-/resize-observer-polyfill-1.5.1.tgz",
			"integrity": "sha512-LwZrotdHOo12nQuZlHEmtuXdqGoOD0OhaxopaNFxWzInpEgaLWoVuAMbTzixuosCx2nEG58ngzW3vxdWoxIgdg=="
		},
		"shallow-equal": {
			"version": "1.2.1",
			"resolved": "https://registry.npmjs.org/shallow-equal/-/shallow-equal-1.2.1.tgz",
			"integrity": "sha512-S4vJDjHHMBaiZuT9NPb616CSmLf618jawtv3sufLl6ivK8WocjAo58cXwbRV1cgqxH0Qbv+iUt6m05eqEa2IRA=="
		},
		"shallowequal": {
			"version": "1.1.0",
			"resolved": "https://registry.npmjs.org/shallowequal/-/shallowequal-1.1.0.tgz",
			"integrity": "sha512-y0m1JoUZSlPAjXVtPPW70aZWfIL/dSP7AFkRnniLCrK/8MDKog3TySTBmckD+RObVxH0v4Tox67+F14PdED2oQ=="
		},
		"string-convert": {
			"version": "0.2.1",
			"resolved": "https://registry.npmjs.org/string-convert/-/string-convert-0.2.1.tgz",
			"integrity": "sha1-aYLMMEn7tM2F+LJFaLnZvznu/5c="
		},
		"tinycolor2": {
			"version": "1.4.1",
			"resolved": "https://registry.npmjs.org/tinycolor2/-/tinycolor2-1.4.1.tgz",
			"integrity": "sha1-9PrTM0R7wLB9TcjpIJ2POaisd+g="
		},
		"vue-ref": {
			"version": "2.0.0",
			"resolved": "https://registry.npmjs.org/vue-ref/-/vue-ref-2.0.0.tgz",
			"integrity": "sha512-uKNKpFOVeWNqS2mrBZqnpLyXJo5Q+vnkex6JvpENvhXHFNBW/SJTP8vJywLuVT3DpxwXcF9N0dyIiZ4/NpTexQ=="
		},
		"warning": {
			"version": "4.0.3",
			"resolved": "https://registry.npmjs.org/warning/-/warning-4.0.3.tgz",
			"integrity": "sha512-rpJyN222KWIvHJ/F53XSZv0Zl/accqHR8et1kpaMTD/fLCRxtV8iX8czMzY7sVZupTI3zcUTg8eycS2kNF9l6w==",
			"requires": {
				"loose-envify": "^1.0.0"
			}
		}
	}
}
