{
	"name": "@form-create/utils",
	"version": "1.0.4",
	"lockfileVersion": 1,
	"requires": true,
	"dependencies": {
		"vue": {
			"version": "2.6.10",
			"resolved": "https://registry.npmjs.org/vue/-/vue-2.6.10.tgz",
			"integrity": "sha512-ImThpeNU9HbdZL3utgMCq0oiMzAkt1mcgy3/E6zWC/G6AaQoeuFdsl9nDhTDU3X1R6FK7nsIUuRACVcjI+A2GQ=="
		}
	}
}
