{
	"name": "@form-create/component-antdv-group",
	"version": "3.1.29",
	"lockfileVersion": 2,
	"requires": true,
	"packages": {
		"": {
			"name": "@form-create/component-antdv-group",
			"version": "3.1.9",
			"license": "MIT",
			"devDependencies": {
				"@ant-design/icons-vue": "^6.0.1"
			}
		},
		"node_modules/@ant-design/colors": {
			"version": "5.1.1",
			"resolved": "https://registry.npmjs.org/@ant-design/colors/-/colors-5.1.1.tgz",
			"integrity": "sha512-Txy4KpHrp3q4XZdfgOBqLl+lkQIc3tEvHXOimRN1giX1AEC7mGtyrO9p8iRGJ3FLuVMGa2gNEzQyghVymLttKQ==",
			"dev": true,
			"dependencies": {
				"@ctrl/tinycolor": "^3.3.1"
			}
		},
		"node_modules/@ant-design/icons-svg": {
			"version": "4.2.1",
			"resolved": "https://registry.npmjs.org/@ant-design/icons-svg/-/icons-svg-4.2.1.tgz",
			"integrity": "sha512-EB0iwlKDGpG93hW8f85CTJTs4SvMX7tt5ceupvhALp1IF44SeUFOMhKUOYqpsoYWQKAOuTRDMqn75rEaKDp0Xw==",
			"dev": true
		},
		"node_modules/@ant-design/icons-vue": {
			"version": "6.0.1",
			"resolved": "https://registry.npmjs.org/@ant-design/icons-vue/-/icons-vue-6.0.1.tgz",
			"integrity": "sha512-HigIgEVV6bbcrz2A92/qDzi/aKWB5EC6b6E1mxMB6aQA7ksiKY+gi4U94TpqyEIIhR23uaDrjufJ+xCZQ+vx6Q==",
			"dev": true,
			"dependencies": {
				"@ant-design/colors": "^5.0.0",
				"@ant-design/icons-svg": "^4.0.0",
				"@types/lodash": "^4.14.165",
				"lodash": "^4.17.15"
			},
			"peerDependencies": {
				"vue": ">=3.0.3"
			}
		},
		"node_modules/@ctrl/tinycolor": {
			"version": "3.4.0",
			"resolved": "https://registry.npmjs.org/@ctrl/tinycolor/-/tinycolor-3.4.0.tgz",
			"integrity": "sha512-JZButFdZ1+/xAfpguQHoabIXkcqRRKpMrWKBkpEZZyxfY9C1DpADFB8PEqGSTeFr135SaTRfKqGKx5xSCLI7ZQ==",
			"dev": true,
			"engines": {
				"node": ">=10"
			}
		},
		"node_modules/@types/lodash": {
			"version": "4.14.177",
			"resolved": "https://registry.npmjs.org/@types/lodash/-/lodash-4.14.177.tgz",
			"integrity": "sha512-0fDwydE2clKe9MNfvXHBHF9WEahRuj+msTuQqOmAApNORFvhMYZKNGGJdCzuhheVjMps/ti0Ak/iJPACMaevvw==",
			"dev": true
		},
		"node_modules/lodash": {
			"version": "4.17.21",
			"resolved": "https://registry.npmjs.org/lodash/-/lodash-4.17.21.tgz",
			"integrity": "sha512-v2kDEe57lecTulaDIuNTPy3Ry4gLGJ6Z1O3vE1krgXZNrsQ+LFTGHVxVjcXPs17LhbZVGedAJv8XZ1tvj5FvSg==",
			"dev": true
		}
	},
	"dependencies": {
		"@ant-design/colors": {
			"version": "5.1.1",
			"resolved": "https://registry.npmjs.org/@ant-design/colors/-/colors-5.1.1.tgz",
			"integrity": "sha512-Txy4KpHrp3q4XZdfgOBqLl+lkQIc3tEvHXOimRN1giX1AEC7mGtyrO9p8iRGJ3FLuVMGa2gNEzQyghVymLttKQ==",
			"dev": true,
			"requires": {
				"@ctrl/tinycolor": "^3.3.1"
			}
		},
		"@ant-design/icons-svg": {
			"version": "4.2.1",
			"resolved": "https://registry.npmjs.org/@ant-design/icons-svg/-/icons-svg-4.2.1.tgz",
			"integrity": "sha512-EB0iwlKDGpG93hW8f85CTJTs4SvMX7tt5ceupvhALp1IF44SeUFOMhKUOYqpsoYWQKAOuTRDMqn75rEaKDp0Xw==",
			"dev": true
		},
		"@ant-design/icons-vue": {
			"version": "6.0.1",
			"resolved": "https://registry.npmjs.org/@ant-design/icons-vue/-/icons-vue-6.0.1.tgz",
			"integrity": "sha512-HigIgEVV6bbcrz2A92/qDzi/aKWB5EC6b6E1mxMB6aQA7ksiKY+gi4U94TpqyEIIhR23uaDrjufJ+xCZQ+vx6Q==",
			"dev": true,
			"requires": {
				"@ant-design/colors": "^5.0.0",
				"@ant-design/icons-svg": "^4.0.0",
				"@types/lodash": "^4.14.165",
				"lodash": "^4.17.15"
			}
		},
		"@ctrl/tinycolor": {
			"version": "3.4.0",
			"resolved": "https://registry.npmjs.org/@ctrl/tinycolor/-/tinycolor-3.4.0.tgz",
			"integrity": "sha512-JZButFdZ1+/xAfpguQHoabIXkcqRRKpMrWKBkpEZZyxfY9C1DpADFB8PEqGSTeFr135SaTRfKqGKx5xSCLI7ZQ==",
			"dev": true
		},
		"@types/lodash": {
			"version": "4.14.177",
			"resolved": "https://registry.npmjs.org/@types/lodash/-/lodash-4.14.177.tgz",
			"integrity": "sha512-0fDwydE2clKe9MNfvXHBHF9WEahRuj+msTuQqOmAApNORFvhMYZKNGGJdCzuhheVjMps/ti0Ak/iJPACMaevvw==",
			"dev": true
		},
		"lodash": {
			"version": "4.17.21",
			"resolved": "https://registry.npmjs.org/lodash/-/lodash-4.17.21.tgz",
			"integrity": "sha512-v2kDEe57lecTulaDIuNTPy3Ry4gLGJ6Z1O3vE1krgXZNrsQ+LFTGHVxVjcXPs17LhbZVGedAJv8XZ1tvj5FvSg==",
			"dev": true
		}
	}
}
